// !$*UTF8*$!
{
	archiveVersion = 1;
	classes = {
	};
	objectVersion = 50;
	objects = {

/* Begin PBXBuildFile section */
		8432F2B724611A6100B54497 /* AppDelegate.swift in Sources */ = {isa = PBXBuildFile; fileRef = 8432F2B624611A6100B54497 /* AppDelegate.swift */; };
		8432F2B924611A6100B54497 /* SceneDelegate.swift in Sources */ = {isa = PBXBuildFile; fileRef = 8432F2B824611A6100B54497 /* SceneDelegate.swift */; };
		8432F2BB24611A6100B54497 /* ViewController.swift in Sources */ = {isa = PBXBuildFile; fileRef = 8432F2BA24611A6100B54497 /* ViewController.swift */; };
		8432F2BE24611A6100B54497 /* Main.storyboard in Resources */ = {isa = PBXBuildFile; fileRef = 8432F2BC24611A6100B54497 /* Main.storyboard */; };
		8432F2C124611A6100B54497 /* App.xcdatamodeld in Sources */ = {isa = PBXBuildFile; fileRef = 8432F2BF24611A6100B54497 /* App.xcdatamodeld */; };
		8432F2C324611A8600B54497 /* Assets.xcassets in Resources */ = {isa = PBXBuildFile; fileRef = 8432F2C224611A8600B54497 /* Assets.xcassets */; };
		8432F2C624611A8600B54497 /* LaunchScreen.storyboard in Resources */ = {isa = PBXBuildFile; fileRef = 8432F2C424611A8600B54497 /* LaunchScreen.storyboard */; };
		8432F2D124611A8700B54497 /* AppTests.swift in Sources */ = {isa = PBXBuildFile; fileRef = 8432F2D024611A8700B54497 /* AppTests.swift */; };
		8432F2DC24611A8700B54497 /* AppUITests.swift in Sources */ = {isa = PBXBuildFile; fileRef = 8432F2DB24611A8700B54497 /* AppUITests.swift */; };
		C75142563AFEE8D7D16E4F61 /* Pods_AppTests.framework in Frameworks */ = {isa = PBXBuildFile; fileRef = F63D43821B5EC64BABC8861D /* Pods_AppTests.framework */; };
		E9B79EDB97FF36C2010A3E22 /* Pods_App_AppUITests.framework in Frameworks */ = {isa = PBXBuildFile; fileRef = 6A902C413570B2E0FCC1AABF /* Pods_App_AppUITests.framework */; };
		ECF94C03E40F5A49F240C9E3 /* Pods_App.framework in Frameworks */ = {isa = PBXBuildFile; fileRef = 18C6D3977EF6328A72ACD06B /* Pods_App.framework */; };
/* End PBXBuildFile section */

/* Begin PBXContainerItemProxy section */
		8432F2CD24611A8700B54497 /* PBXContainerItemProxy */ = {
			isa = PBXContainerItemProxy;
			containerPortal = 8432F2AB24611A6100B54497 /* Project object */;
			proxyType = 1;
			remoteGlobalIDString = 8432F2B224611A6100B54497;
			remoteInfo = App;
		};
		8432F2D824611A8700B54497 /* PBXContainerItemProxy */ = {
			isa = PBXContainerItemProxy;
			containerPortal = 8432F2AB24611A6100B54497 /* Project object */;
			proxyType = 1;
			remoteGlobalIDString = 8432F2B224611A6100B54497;
			remoteInfo = App;
		};
/* End PBXContainerItemProxy section */

/* Begin PBXFileReference section */
		07E26BC1F0630B029D2E216E /* Pods-AppTests.debug.xcconfig */ = {isa = PBXFileReference; includeInIndex = 1; lastKnownFileType = text.xcconfig; name = "Pods-AppTests.debug.xcconfig"; path = "Target Support Files/Pods-AppTests/Pods-AppTests.debug.xcconfig"; sourceTree = "<group>"; };
		18C6D3977EF6328A72ACD06B /* Pods_App.framework */ = {isa = PBXFileReference; explicitFileType = wrapper.framework; includeInIndex = 0; path = Pods_App.framework; sourceTree = BUILT_PRODUCTS_DIR; };
		3132D3EA8E5C25DCD7C06B1A /* Pods-App.release.xcconfig */ = {isa = PBXFileReference; includeInIndex = 1; lastKnownFileType = text.xcconfig; name = "Pods-App.release.xcconfig"; path = "Target Support Files/Pods-App/Pods-App.release.xcconfig"; sourceTree = "<group>"; };
		5907E9AFEC276CE661A4B2D8 /* Pods-AppTests.release.xcconfig */ = {isa = PBXFileReference; includeInIndex = 1; lastKnownFileType = text.xcconfig; name = "Pods-AppTests.release.xcconfig"; path = "Target Support Files/Pods-AppTests/Pods-AppTests.release.xcconfig"; sourceTree = "<group>"; };
		6A902C413570B2E0FCC1AABF /* Pods_App_AppUITests.framework */ = {isa = PBXFileReference; explicitFileType = wrapper.framework; includeInIndex = 0; path = Pods_App_AppUITests.framework; sourceTree = BUILT_PRODUCTS_DIR; };
		708B0B423273EAA7156E4286 /* Pods-App-AppUITests.debug.xcconfig */ = {isa = PBXFileReference; includeInIndex = 1; lastKnownFileType = text.xcconfig; name = "Pods-App-AppUITests.debug.xcconfig"; path = "Target Support Files/Pods-App-AppUITests/Pods-App-AppUITests.debug.xcconfig"; sourceTree = "<group>"; };
		8432F2B324611A6100B54497 /* App.app */ = {isa = PBXFileReference; explicitFileType = wrapper.application; includeInIndex = 0; path = App.app; sourceTree = BUILT_PRODUCTS_DIR; };
		8432F2B624611A6100B54497 /* AppDelegate.swift */ = {isa = PBXFileReference; lastKnownFileType = sourcecode.swift; path = AppDelegate.swift; sourceTree = "<group>"; };
		8432F2B824611A6100B54497 /* SceneDelegate.swift */ = {isa = PBXFileReference; lastKnownFileType = sourcecode.swift; path = SceneDelegate.swift; sourceTree = "<group>"; };
		8432F2BA24611A6100B54497 /* ViewController.swift */ = {isa = PBXFileReference; lastKnownFileType = sourcecode.swift; path = ViewController.swift; sourceTree = "<group>"; };
		8432F2BD24611A6100B54497 /* Base */ = {isa = PBXFileReference; lastKnownFileType = file.storyboard; name = Base; path = Base.lproj/Main.storyboard; sourceTree = "<group>"; };
		8432F2C024611A6100B54497 /* App.xcdatamodel */ = {isa = PBXFileReference; lastKnownFileType = wrapper.xcdatamodel; path = App.xcdatamodel; sourceTree = "<group>"; };
		8432F2C224611A8600B54497 /* Assets.xcassets */ = {isa = PBXFileReference; lastKnownFileType = folder.assetcatalog; path = Assets.xcassets; sourceTree = "<group>"; };
		8432F2C524611A8600B54497 /* Base */ = {isa = PBXFileReference; lastKnownFileType = file.storyboard; name = Base; path = Base.lproj/LaunchScreen.storyboard; sourceTree = "<group>"; };
		8432F2C724611A8600B54497 /* Info.plist */ = {isa = PBXFileReference; lastKnownFileType = text.plist.xml; path = Info.plist; sourceTree = "<group>"; };
		8432F2CC24611A8700B54497 /* AppTests.xctest */ = {isa = PBXFileReference; explicitFileType = wrapper.cfbundle; includeInIndex = 0; path = AppTests.xctest; sourceTree = BUILT_PRODUCTS_DIR; };
		8432F2D024611A8700B54497 /* AppTests.swift */ = {isa = PBXFileReference; lastKnownFileType = sourcecode.swift; path = AppTests.swift; sourceTree = "<group>"; };
		8432F2D224611A8700B54497 /* Info.plist */ = {isa = PBXFileReference; lastKnownFileType = text.plist.xml; path = Info.plist; sourceTree = "<group>"; };
		8432F2D724611A8700B54497 /* AppUITests.xctest */ = {isa = PBXFileReference; explicitFileType = wrapper.cfbundle; includeInIndex = 0; path = AppUITests.xctest; sourceTree = BUILT_PRODUCTS_DIR; };
		8432F2DB24611A8700B54497 /* AppUITests.swift */ = {isa = PBXFileReference; lastKnownFileType = sourcecode.swift; path = AppUITests.swift; sourceTree = "<group>"; };
		8432F2DD24611A8700B54497 /* Info.plist */ = {isa = PBXFileReference; lastKnownFileType = text.plist.xml; path = Info.plist; sourceTree = "<group>"; };
		96670B7EE6D1B4AC105D5A92 /* Pods-App.debug.xcconfig */ = {isa = PBXFileReference; includeInIndex = 1; lastKnownFileType = text.xcconfig; name = "Pods-App.debug.xcconfig"; path = "Target Support Files/Pods-App/Pods-App.debug.xcconfig"; sourceTree = "<group>"; };
		CF870945E2F04E61C8253DFE /* Pods-App-AppUITests.release.xcconfig */ = {isa = PBXFileReference; includeInIndex = 1; lastKnownFileType = text.xcconfig; name = "Pods-App-AppUITests.release.xcconfig"; path = "Target Support Files/Pods-App-AppUITests/Pods-App-AppUITests.release.xcconfig"; sourceTree = "<group>"; };
		F63D43821B5EC64BABC8861D /* Pods_AppTests.framework */ = {isa = PBXFileReference; explicitFileType = wrapper.framework; includeInIndex = 0; path = Pods_AppTests.framework; sourceTree = BUILT_PRODUCTS_DIR; };
/* End PBXFileReference section */

/* Begin PBXFrameworksBuildPhase section */
		8432F2B024611A6100B54497 /* Frameworks */ = {
			isa = PBXFrameworksBuildPhase;
			buildActionMask = 2147483647;
			files = (
				ECF94C03E40F5A49F240C9E3 /* Pods_App.framework in Frameworks */,
			);
			runOnlyForDeploymentPostprocessing = 0;
		};
		8432F2C924611A8700B54497 /* Frameworks */ = {
			isa = PBXFrameworksBuildPhase;
			buildActionMask = 2147483647;
			files = (
				C75142563AFEE8D7D16E4F61 /* Pods_AppTests.framework in Frameworks */,
			);
			runOnlyForDeploymentPostprocessing = 0;
		};
		8432F2D424611A8700B54497 /* Frameworks */ = {
			isa = PBXFrameworksBuildPhase;
			buildActionMask = 2147483647;
			files = (
				E9B79EDB97FF36C2010A3E22 /* Pods_App_AppUITests.framework in Frameworks */,
			);
			runOnlyForDeploymentPostprocessing = 0;
		};
/* End PBXFrameworksBuildPhase section */

/* Begin PBXGroup section */
		8432F2AA24611A6100B54497 = {
			isa = PBXGroup;
			children = (
				8432F2B524611A6100B54497 /* App */,
				8432F2CF24611A8700B54497 /* AppTests */,
				8432F2DA24611A8700B54497 /* AppUITests */,
				8432F2B424611A6100B54497 /* Products */,
				E6CF710935252114C9855F3A /* Pods */,
				E5560799BF1EE81C3EE7F35A /* Frameworks */,
			);
			sourceTree = "<group>";
		};
		8432F2B424611A6100B54497 /* Products */ = {
			isa = PBXGroup;
			children = (
				8432F2B324611A6100B54497 /* App.app */,
				8432F2CC24611A8700B54497 /* AppTests.xctest */,
				8432F2D724611A8700B54497 /* AppUITests.xctest */,
			);
			name = Products;
			sourceTree = "<group>";
		};
		8432F2B524611A6100B54497 /* App */ = {
			isa = PBXGroup;
			children = (
				8432F2B624611A6100B54497 /* AppDelegate.swift */,
				8432F2B824611A6100B54497 /* SceneDelegate.swift */,
				8432F2BA24611A6100B54497 /* ViewController.swift */,
				8432F2BC24611A6100B54497 /* Main.storyboard */,
				8432F2C224611A8600B54497 /* Assets.xcassets */,
				8432F2C424611A8600B54497 /* LaunchScreen.storyboard */,
				8432F2C724611A8600B54497 /* Info.plist */,
				8432F2BF24611A6100B54497 /* App.xcdatamodeld */,
			);
			path = App;
			sourceTree = "<group>";
		};
		8432F2CF24611A8700B54497 /* AppTests */ = {
			isa = PBXGroup;
			children = (
				8432F2D024611A8700B54497 /* AppTests.swift */,
				8432F2D224611A8700B54497 /* Info.plist */,
			);
			path = AppTests;
			sourceTree = "<group>";
		};
		8432F2DA24611A8700B54497 /* AppUITests */ = {
			isa = PBXGroup;
			children = (
				8432F2DB24611A8700B54497 /* AppUITests.swift */,
				8432F2DD24611A8700B54497 /* Info.plist */,
			);
			path = AppUITests;
			sourceTree = "<group>";
		};
		E5560799BF1EE81C3EE7F35A /* Frameworks */ = {
			isa = PBXGroup;
			children = (
				18C6D3977EF6328A72ACD06B /* Pods_App.framework */,
				6A902C413570B2E0FCC1AABF /* Pods_App_AppUITests.framework */,
				F63D43821B5EC64BABC8861D /* Pods_AppTests.framework */,
			);
			name = Frameworks;
			sourceTree = "<group>";
		};
		E6CF710935252114C9855F3A /* Pods */ = {
			isa = PBXGroup;
			children = (
				96670B7EE6D1B4AC105D5A92 /* Pods-App.debug.xcconfig */,
				3132D3EA8E5C25DCD7C06B1A /* Pods-App.release.xcconfig */,
				708B0B423273EAA7156E4286 /* Pods-App-AppUITests.debug.xcconfig */,
				CF870945E2F04E61C8253DFE /* Pods-App-AppUITests.release.xcconfig */,
				07E26BC1F0630B029D2E216E /* Pods-AppTests.debug.xcconfig */,
				5907E9AFEC276CE661A4B2D8 /* Pods-AppTests.release.xcconfig */,
			);
			name = Pods;
			path = Pods;
			sourceTree = "<group>";
		};
/* End PBXGroup section */

/* Begin PBXNativeTarget section */
		8432F2B224611A6100B54497 /* App */ = {
			isa = PBXNativeTarget;
			buildConfigurationList = 8432F2E024611A8700B54497 /* Build configuration list for PBXNativeTarget "App" */;
			buildPhases = (
				460285FDBD7968C477378D3A /* [CP] Check Pods Manifest.lock */,
				8432F2AF24611A6100B54497 /* Sources */,
				8432F2B024611A6100B54497 /* Frameworks */,
				8432F2B124611A6100B54497 /* Resources */,
			);
			buildRules = (
			);
			dependencies = (
			);
			name = App;
			productName = App;
			productReference = 8432F2B324611A6100B54497 /* App.app */;
			productType = "com.apple.product-type.application";
		};
		8432F2CB24611A8700B54497 /* AppTests */ = {
			isa = PBXNativeTarget;
			buildConfigurationList = 8432F2E324611A8700B54497 /* Build configuration list for PBXNativeTarget "AppTests" */;
			buildPhases = (
				CA924FECC0330D89305AF2F7 /* [CP] Check Pods Manifest.lock */,
				8432F2C824611A8700B54497 /* Sources */,
				8432F2C924611A8700B54497 /* Frameworks */,
				8432F2CA24611A8700B54497 /* Resources */,
			);
			buildRules = (
			);
			dependencies = (
				8432F2CE24611A8700B54497 /* PBXTargetDependency */,
			);
			name = AppTests;
			productName = AppTests;
			productReference = 8432F2CC24611A8700B54497 /* AppTests.xctest */;
			productType = "com.apple.product-type.bundle.unit-test";
		};
		8432F2D624611A8700B54497 /* AppUITests */ = {
			isa = PBXNativeTarget;
			buildConfigurationList = 8432F2E624611A8700B54497 /* Build configuration list for PBXNativeTarget "AppUITests" */;
			buildPhases = (
				FAEC92F62FAFE876AAA8EE0D /* [CP] Check Pods Manifest.lock */,
				8432F2D324611A8700B54497 /* Sources */,
				8432F2D424611A8700B54497 /* Frameworks */,
				8432F2D524611A8700B54497 /* Resources */,
			);
			buildRules = (
			);
			dependencies = (
				8432F2D924611A8700B54497 /* PBXTargetDependency */,
			);
			name = AppUITests;
			productName = AppUITests;
			productReference = 8432F2D724611A8700B54497 /* AppUITests.xctest */;
			productType = "com.apple.product-type.bundle.ui-testing";
		};
/* End PBXNativeTarget section */

/* Begin PBXProject section */
		8432F2AB24611A6100B54497 /* Project object */ = {
			isa = PBXProject;
			attributes = {
				LastSwiftUpdateCheck = 1130;
				LastUpgradeCheck = 1130;
				ORGANIZATIONNAME = MrOfu;
				TargetAttributes = {
					8432F2B224611A6100B54497 = {
						CreatedOnToolsVersion = 11.3;
					};
					8432F2CB24611A8700B54497 = {
						CreatedOnToolsVersion = 11.3;
						TestTargetID = 8432F2B224611A6100B54497;
					};
					8432F2D624611A8700B54497 = {
						CreatedOnToolsVersion = 11.3;
						TestTargetID = 8432F2B224611A6100B54497;
					};
				};
			};
			buildConfigurationList = 8432F2AE24611A6100B54497 /* Build configuration list for PBXProject "App" */;
			compatibilityVersion = "Xcode 9.3";
			developmentRegion = en;
			hasScannedForEncodings = 0;
			knownRegions = (
				en,
				Base,
			);
			mainGroup = 8432F2AA24611A6100B54497;
			productRefGroup = 8432F2B424611A6100B54497 /* Products */;
			projectDirPath = "";
			projectRoot = "";
			targets = (
				8432F2B224611A6100B54497 /* App */,
				8432F2CB24611A8700B54497 /* AppTests */,
				8432F2D624611A8700B54497 /* AppUITests */,
			);
		};
/* End PBXProject section */

/* Begin PBXResourcesBuildPhase section */
		8432F2B124611A6100B54497 /* Resources */ = {
			isa = PBXResourcesBuildPhase;
			buildActionMask = 2147483647;
			files = (
				8432F2C624611A8600B54497 /* LaunchScreen.storyboard in Resources */,
				8432F2C324611A8600B54497 /* Assets.xcassets in Resources */,
				8432F2BE24611A6100B54497 /* Main.storyboard in Resources */,
			);
			runOnlyForDeploymentPostprocessing = 0;
		};
		8432F2CA24611A8700B54497 /* Resources */ = {
			isa = PBXResourcesBuildPhase;
			buildActionMask = 2147483647;
			files = (
			);
			runOnlyForDeploymentPostprocessing = 0;
		};
		8432F2D524611A8700B54497 /* Resources */ = {
			isa = PBXResourcesBuildPhase;
			buildActionMask = 2147483647;
			files = (
			);
			runOnlyForDeploymentPostprocessing = 0;
		};
/* End PBXResourcesBuildPhase section */

/* Begin PBXShellScriptBuildPhase section */
		460285FDBD7968C477378D3A /* [CP] Check Pods Manifest.lock */ = {
			isa = PBXShellScriptBuildPhase;
			buildActionMask = 2147483647;
			files = (
			);
			inputFileListPaths = (
			);
			inputPaths = (
				"${PODS_PODFILE_DIR_PATH}/Podfile.lock",
				"${PODS_ROOT}/Manifest.lock",
			);
			name = "[CP] Check Pods Manifest.lock";
			outputFileListPaths = (
			);
			outputPaths = (
				"$(DERIVED_FILE_DIR)/Pods-App-checkManifestLockResult.txt",
			);
			runOnlyForDeploymentPostprocessing = 0;
			shellPath = /bin/sh;
			shellScript = "diff \"${PODS_PODFILE_DIR_PATH}/Podfile.lock\" \"${PODS_ROOT}/Manifest.lock\" > /dev/null\nif [ $? != 0 ] ; then\n    # print error to STDERR\n    echo \"error: The sandbox is not in sync with the Podfile.lock. Run 'pod install' or update your CocoaPods installation.\" >&2\n    exit 1\nfi\n# This output is used by Xcode 'outputs' to avoid re-running this script phase.\necho \"SUCCESS\" > \"${SCRIPT_OUTPUT_FILE_0}\"\n";
			showEnvVarsInLog = 0;
		};
		CA924FECC0330D89305AF2F7 /* [CP] Check Pods Manifest.lock */ = {
			isa = PBXShellScriptBuildPhase;
			buildActionMask = 2147483647;
			files = (
			);
			inputFileListPaths = (
			);
			inputPaths = (
				"${PODS_PODFILE_DIR_PATH}/Podfile.lock",
				"${PODS_ROOT}/Manifest.lock",
			);
			name = "[CP] Check Pods Manifest.lock";
			outputFileListPaths = (
			);
			outputPaths = (
				"$(DERIVED_FILE_DIR)/Pods-AppTests-checkManifestLockResult.txt",
			);
			runOnlyForDeploymentPostprocessing = 0;
			shellPath = /bin/sh;
			shellScript = "diff \"${PODS_PODFILE_DIR_PATH}/Podfile.lock\" \"${PODS_ROOT}/Manifest.lock\" > /dev/null\nif [ $? != 0 ] ; then\n    # print error to STDERR\n    echo \"error: The sandbox is not in sync with the Podfile.lock. Run 'pod install' or update your CocoaPods installation.\" >&2\n    exit 1\nfi\n# This output is used by Xcode 'outputs' to avoid re-running this script phase.\necho \"SUCCESS\" > \"${SCRIPT_OUTPUT_FILE_0}\"\n";
			showEnvVarsInLog = 0;
		};
		FAEC92F62FAFE876AAA8EE0D /* [CP] Check Pods Manifest.lock */ = {
			isa = PBXShellScriptBuildPhase;
			buildActionMask = 2147483647;
			files = (
			);
			inputFileListPaths = (
			);
			inputPaths = (
				"${PODS_PODFILE_DIR_PATH}/Podfile.lock",
				"${PODS_ROOT}/Manifest.lock",
			);
			name = "[CP] Check Pods Manifest.lock";
			outputFileListPaths = (
			);
			outputPaths = (
				"$(DERIVED_FILE_DIR)/Pods-App-AppUITests-checkManifestLockResult.txt",
			);
			runOnlyForDeploymentPostprocessing = 0;
			shellPath = /bin/sh;
			shellScript = "diff \"${PODS_PODFILE_DIR_PATH}/Podfile.lock\" \"${PODS_ROOT}/Manifest.lock\" > /dev/null\nif [ $? != 0 ] ; then\n    # print error to STDERR\n    echo \"error: The sandbox is not in sync with the Podfile.lock. Run 'pod install' or update your CocoaPods installation.\" >&2\n    exit 1\nfi\n# This output is used by Xcode 'outputs' to avoid re-running this script phase.\necho \"SUCCESS\" > \"${SCRIPT_OUTPUT_FILE_0}\"\n";
			showEnvVarsInLog = 0;
		};
/* End PBXShellScriptBuildPhase section */

/* Begin PBXSourcesBuildPhase section */
		8432F2AF24611A6100B54497 /* Sources */ = {
			isa = PBXSourcesBuildPhase;
			buildActionMask = 2147483647;
			files = (
				8432F2BB24611A6100B54497 /* ViewController.swift in Sources */,
				8432F2C124611A6100B54497 /* App.xcdatamodeld in Sources */,
				8432F2B724611A6100B54497 /* AppDelegate.swift in Sources */,
				8432F2B924611A6100B54497 /* SceneDelegate.swift in Sources */,
			);
			runOnlyForDeploymentPostprocessing = 0;
		};
		8432F2C824611A8700B54497 /* Sources */ = {
			isa = PBXSourcesBuildPhase;
			buildActionMask = 2147483647;
			files = (
				8432F2D124611A8700B54497 /* AppTests.swift in Sources */,
			);
			runOnlyForDeploymentPostprocessing = 0;
		};
		8432F2D324611A8700B54497 /* Sources */ = {
			isa = PBXSourcesBuildPhase;
			buildActionMask = 2147483647;
			files = (
				8432F2DC24611A8700B54497 /* AppUITests.swift in Sources */,
			);
			runOnlyForDeploymentPostprocessing = 0;
		};
/* End PBXSourcesBuildPhase section */

/* Begin PBXTargetDependency section */
		8432F2CE24611A8700B54497 /* PBXTargetDependency */ = {
			isa = PBXTargetDependency;
			target = 8432F2B224611A6100B54497 /* App */;
			targetProxy = 8432F2CD24611A8700B54497 /* PBXContainerItemProxy */;
		};
		8432F2D924611A8700B54497 /* PBXTargetDependency */ = {
			isa = PBXTargetDependency;
			target = 8432F2B224611A6100B54497 /* App */;
			targetProxy = 8432F2D824611A8700B54497 /* PBXContainerItemProxy */;
		};
/* End PBXTargetDependency section */

/* Begin PBXVariantGroup section */
		8432F2BC24611A6100B54497 /* Main.storyboard */ = {
			isa = PBXVariantGroup;
			children = (
				8432F2BD24611A6100B54497 /* Base */,
			);
			name = Main.storyboard;
			sourceTree = "<group>";
		};
		8432F2C424611A8600B54497 /* LaunchScreen.storyboard */ = {
			isa = PBXVariantGroup;
			children = (
				8432F2C524611A8600B54497 /* Base */,
			);
			name = LaunchScreen.storyboard;
			sourceTree = "<group>";
		};
/* End PBXVariantGroup section */

/* Begin XCBuildConfiguration section */
		8432F2DE24611A8700B54497 /* Debug */ = {
			isa = XCBuildConfiguration;
			buildSettings = {
				ALWAYS_SEARCH_USER_PATHS = NO;
				CLANG_ANALYZER_NONNULL = YES;
				CLANG_ANALYZER_NUMBER_OBJECT_CONVERSION = YES_AGGRESSIVE;
				CLANG_CXX_LANGUAGE_STANDARD = "gnu++14";
				CLANG_CXX_LIBRARY = "libc++";
				CLANG_ENABLE_MODULES = YES;
				CLANG_ENABLE_OBJC_ARC = YES;
				CLANG_ENABLE_OBJC_WEAK = YES;
				CLANG_WARN_BLOCK_CAPTURE_AUTORELEASING = YES;
				CLANG_WARN_BOOL_CONVERSION = YES;
				CLANG_WARN_COMMA = YES;
				CLANG_WARN_CONSTANT_CONVERSION = YES;
				CLANG_WARN_DEPRECATED_OBJC_IMPLEMENTATIONS = YES;
				CLANG_WARN_DIRECT_OBJC_ISA_USAGE = YES_ERROR;
				CLANG_WARN_DOCUMENTATION_COMMENTS = YES;
				CLANG_WARN_EMPTY_BODY = YES;
				CLANG_WARN_ENUM_CONVERSION = YES;
				CLANG_WARN_INFINITE_RECURSION = YES;
				CLANG_WARN_INT_CONVERSION = YES;
				CLANG_WARN_NON_LITERAL_NULL_CONVERSION = YES;
				CLANG_WARN_OBJC_IMPLICIT_RETAIN_SELF = YES;
				CLANG_WARN_OBJC_LITERAL_CONVERSION = YES;
				CLANG_WARN_OBJC_ROOT_CLASS = YES_ERROR;
				CLANG_WARN_RANGE_LOOP_ANALYSIS = YES;
				CLANG_WARN_STRICT_PROTOTYPES = YES;
				CLANG_WARN_SUSPICIOUS_MOVE = YES;
				CLANG_WARN_UNGUARDED_AVAILABILITY = YES_AGGRESSIVE;
				CLANG_WARN_UNREACHABLE_CODE = YES;
				CLANG_WARN__DUPLICATE_METHOD_MATCH = YES;
				COPY_PHASE_STRIP = NO;
				DEBUG_INFORMATION_FORMAT = dwarf;
				ENABLE_STRICT_OBJC_MSGSEND = YES;
				ENABLE_TESTABILITY = YES;
				GCC_C_LANGUAGE_STANDARD = gnu11;
				GCC_DYNAMIC_NO_PIC = NO;
				GCC_NO_COMMON_BLOCKS = YES;
				GCC_OPTIMIZATION_LEVEL = 0;
				GCC_PREPROCESSOR_DEFINITIONS = (
					"DEBUG=1",
					"$(inherited)",
				);
				GCC_WARN_64_TO_32_BIT_CONVERSION = YES;
				GCC_WARN_ABOUT_RETURN_TYPE = YES_ERROR;
				GCC_WARN_UNDECLARED_SELECTOR = YES;
				GCC_WARN_UNINITIALIZED_AUTOS = YES_AGGRESSIVE;
				GCC_WARN_UNUSED_FUNCTION = YES;
				GCC_WARN_UNUSED_VARIABLE = YES;
				IPHONEOS_DEPLOYMENT_TARGET = 13.2;
				MTL_ENABLE_DEBUG_INFO = INCLUDE_SOURCE;
				MTL_FAST_MATH = YES;
				ONLY_ACTIVE_ARCH = YES;
				SDKROOT = iphoneos;
				SWIFT_ACTIVE_COMPILATION_CONDITIONS = DEBUG;
				SWIFT_OPTIMIZATION_LEVEL = "-Onone";
			};
			name = Debug;
		};
		8432F2DF24611A8700B54497 /* Release */ = {
			isa = XCBuildConfiguration;
			buildSettings = {
				ALWAYS_SEARCH_USER_PATHS = NO;
				CLANG_ANALYZER_NONNULL = YES;
				CLANG_ANALYZER_NUMBER_OBJECT_CONVERSION = YES_AGGRESSIVE;
				CLANG_CXX_LANGUAGE_STANDARD = "gnu++14";
				CLANG_CXX_LIBRARY = "libc++";
				CLANG_ENABLE_MODULES = YES;
				CLANG_ENABLE_OBJC_ARC = YES;
				CLANG_ENABLE_OBJC_WEAK = YES;
				CLANG_WARN_BLOCK_CAPTURE_AUTORELEASING = YES;
				CLANG_WARN_BOOL_CONVERSION = YES;
				CLANG_WARN_COMMA = YES;
				CLANG_WARN_CONSTANT_CONVERSION = YES;
				CLANG_WARN_DEPRECATED_OBJC_IMPLEMENTATIONS = YES;
				CLANG_WARN_DIRECT_OBJC_ISA_USAGE = YES_ERROR;
				CLANG_WARN_DOCUMENTATION_COMMENTS = YES;
				CLANG_WARN_EMPTY_BODY = YES;
				CLANG_WARN_ENUM_CONVERSION = YES;
				CLANG_WARN_INFINITE_RECURSION = YES;
				CLANG_WARN_INT_CONVERSION = YES;
				CLANG_WARN_NON_LITERAL_NULL_CONVERSION = YES;
				CLANG_WARN_OBJC_IMPLICIT_RETAIN_SELF = YES;
				CLANG_WARN_OBJC_LITERAL_CONVERSION = YES;
				CLANG_WARN_OBJC_ROOT_CLASS = YES_ERROR;
				CLANG_WARN_RANGE_LOOP_ANALYSIS = YES;
				CLANG_WARN_STRICT_PROTOTYPES = YES;
				CLANG_WARN_SUSPICIOUS_MOVE = YES;
				CLANG_WARN_UNGUARDED_AVAILABILITY = YES_AGGRESSIVE;
				CLANG_WARN_UNREACHABLE_CODE = YES;
				CLANG_WARN__DUPLICATE_METHOD_MATCH = YES;
				COPY_PHASE_STRIP = NO;
				DEBUG_INFORMATION_FORMAT = "dwarf-with-dsym";
				ENABLE_NS_ASSERTIONS = NO;
				ENABLE_STRICT_OBJC_MSGSEND = YES;
				GCC_C_LANGUAGE_STANDARD = gnu11;
				GCC_NO_COMMON_BLOCKS = YES;
				GCC_WARN_64_TO_32_BIT_CONVERSION = YES;
				GCC_WARN_ABOUT_RETURN_TYPE = YES_ERROR;
				GCC_WARN_UNDECLARED_SELECTOR = YES;
				GCC_WARN_UNINITIALIZED_AUTOS = YES_AGGRESSIVE;
				GCC_WARN_UNUSED_FUNCTION = YES;
				GCC_WARN_UNUSED_VARIABLE = YES;
				IPHONEOS_DEPLOYMENT_TARGET = 13.2;
				MTL_ENABLE_DEBUG_INFO = NO;
				MTL_FAST_MATH = YES;
				SDKROOT = iphoneos;
				SWIFT_COMPILATION_MODE = wholemodule;
				SWIFT_OPTIMIZATION_LEVEL = "-O";
				VALIDATE_PRODUCT = YES;
			};
			name = Release;
		};
		8432F2E124611A8700B54497 /* Debug */ = {
			isa = XCBuildConfiguration;
			baseConfigurationReference = 96670B7EE6D1B4AC105D5A92 /* Pods-App.debug.xcconfig */;
			buildSettings = {
				ASSETCATALOG_COMPILER_APPICON_NAME = AppIcon;
				CODE_SIGN_STYLE = Automatic;
				DEVELOPMENT_TEAM = 67YTU7434W;
				INFOPLIST_FILE = App/Info.plist;
				LD_RUNPATH_SEARCH_PATHS = (
					"$(inherited)",
					"@executable_path/Frameworks",
				);
				PRODUCT_BUNDLE_IDENTIFIER = com.mrOfu.App;
				PRODUCT_NAME = "$(TARGET_NAME)";
				SWIFT_VERSION = 5.0;
				TARGETED_DEVICE_FAMILY = "1,2";
			};
			name = Debug;
		};
		8432F2E224611A8700B54497 /* Release */ = {
			isa = XCBuildConfiguration;
			baseConfigurationReference = 3132D3EA8E5C25DCD7C06B1A /* Pods-App.release.xcconfig */;
			buildSettings = {
				ASSETCATALOG_COMPILER_APPICON_NAME = AppIcon;
				CODE_SIGN_STYLE = Automatic;
				DEVELOPMENT_TEAM = 67YTU7434W;
				INFOPLIST_FILE = App/Info.plist;
				LD_RUNPATH_SEARCH_PATHS = (
					"$(inherited)",
					"@executable_path/Frameworks",
				);
				PRODUCT_BUNDLE_IDENTIFIER = com.mrOfu.App;
				PRODUCT_NAME = "$(TARGET_NAME)";
				SWIFT_VERSION = 5.0;
				TARGETED_DEVICE_FAMILY = "1,2";
			};
			name = Release;
		};
		8432F2E424611A8700B54497 /* Debug */ = {
			isa = XCBuildConfiguration;
			baseConfigurationReference = 07E26BC1F0630B029D2E216E /* Pods-AppTests.debug.xcconfig */;
			buildSettings = {
				ALWAYS_EMBED_SWIFT_STANDARD_LIBRARIES = YES;
				BUNDLE_LOADER = "$(TEST_HOST)";
				CODE_SIGN_STYLE = Automatic;
				DEVELOPMENT_TEAM = 67YTU7434W;
				INFOPLIST_FILE = AppTests/Info.plist;
				IPHONEOS_DEPLOYMENT_TARGET = 13.2;
				LD_RUNPATH_SEARCH_PATHS = (
					"$(inherited)",
					"@executable_path/Frameworks",
					"@loader_path/Frameworks",
				);
				PRODUCT_BUNDLE_IDENTIFIER = com.mrOfu.AppTests;
				PRODUCT_NAME = "$(TARGET_NAME)";
				SWIFT_VERSION = 5.0;
				TARGETED_DEVICE_FAMILY = "1,2";
				TEST_HOST = "$(BUILT_PRODUCTS_DIR)/App.app/App";
			};
			name = Debug;
		};
		8432F2E524611A8700B54497 /* Release */ = {
			isa = XCBuildConfiguration;
			baseConfigurationReference = 5907E9AFEC276CE661A4B2D8 /* Pods-AppTests.release.xcconfig */;
			buildSettings = {
				ALWAYS_EMBED_SWIFT_STANDARD_LIBRARIES = YES;
				BUNDLE_LOADER = "$(TEST_HOST)";
				CODE_SIGN_STYLE = Automatic;
				DEVELOPMENT_TEAM = 67YTU7434W;
				INFOPLIST_FILE = AppTests/Info.plist;
				IPHONEOS_DEPLOYMENT_TARGET = 13.2;
				LD_RUNPATH_SEARCH_PATHS = (
					"$(inherited)",
					"@executable_path/Frameworks",
					"@loader_path/Frameworks",
				);
				PRODUCT_BUNDLE_IDENTIFIER = com.mrOfu.AppTests;
				PRODUCT_NAME = "$(TARGET_NAME)";
				SWIFT_VERSION = 5.0;
				TARGETED_DEVICE_FAMILY = "1,2";
				TEST_HOST = "$(BUILT_PRODUCTS_DIR)/App.app/App";
			};
			name = Release;
		};
		8432F2E724611A8700B54497 /* Debug */ = {
			isa = XCBuildConfiguration;
			baseConfigurationReference = 708B0B423273EAA7156E4286 /* Pods-App-AppUITests.debug.xcconfig */;
			buildSettings = {
				ALWAYS_EMBED_SWIFT_STANDARD_LIBRARIES = YES;
				CODE_SIGN_STYLE = Automatic;
				DEVELOPMENT_TEAM = 67YTU7434W;
				INFOPLIST_FILE = AppUITests/Info.plist;
				LD_RUNPATH_SEARCH_PATHS = (
					"$(inherited)",
					"@executable_path/Frameworks",
					"@loader_path/Frameworks",
				);
				PRODUCT_BUNDLE_IDENTIFIER = com.mrOfu.AppUITests;
				PRODUCT_NAME = "$(TARGET_NAME)";
				SWIFT_VERSION = 5.0;
				TARGETED_DEVICE_FAMILY = "1,2";
				TEST_TARGET_NAME = App;
			};
			name = Debug;
		};
		8432F2E824611A8700B54497 /* Release */ = {
			isa = XCBuildConfiguration;
			baseConfigurationReference = CF870945E2F04E61C8253DFE /* Pods-App-AppUITests.release.xcconfig */;
			buildSettings = {
				ALWAYS_EMBED_SWIFT_STANDARD_LIBRARIES = YES;
				CODE_SIGN_STYLE = Automatic;
				DEVELOPMENT_TEAM = 67YTU7434W;
				INFOPLIST_FILE = AppUITests/Info.plist;
				LD_RUNPATH_SEARCH_PATHS = (
					"$(inherited)",
					"@executable_path/Frameworks",
					"@loader_path/Frameworks",
				);
				PRODUCT_BUNDLE_IDENTIFIER = com.mrOfu.AppUITests;
				PRODUCT_NAME = "$(TARGET_NAME)";
				SWIFT_VERSION = 5.0;
				TARGETED_DEVICE_FAMILY = "1,2";
				TEST_TARGET_NAME = App;
			};
			name = Release;
		};
/* End XCBuildConfiguration section */

/* Begin XCConfigurationList section */
		8432F2AE24611A6100B54497 /* Build configuration list for PBXProject "App" */ = {
			isa = XCConfigurationList;
			buildConfigurations = (
				8432F2DE24611A8700B54497 /* Debug */,
				8432F2DF24611A8700B54497 /* Release */,
			);
			defaultConfigurationIsVisible = 0;
			defaultConfigurationName = Release;
		};
		8432F2E024611A8700B54497 /* Build configuration list for PBXNativeTarget "App" */ = {
			isa = XCConfigurationList;
			buildConfigurations = (
				8432F2E124611A8700B54497 /* Debug */,
				8432F2E224611A8700B54497 /* Release */,
			);
			defaultConfigurationIsVisible = 0;
			defaultConfigurationName = Release;
		};
		8432F2E324611A8700B54497 /* Build configuration list for PBXNativeTarget "AppTests" */ = {
			isa = XCConfigurationList;
			buildConfigurations = (
				8432F2E424611A8700B54497 /* Debug */,
				8432F2E524611A8700B54497 /* Release */,
			);
			defaultConfigurationIsVisible = 0;
			defaultConfigurationName = Release;
		};
		8432F2E624611A8700B54497 /* Build configuration list for PBXNativeTarget "AppUITests" */ = {
			isa = XCConfigurationList;
			buildConfigurations = (
				8432F2E724611A8700B54497 /* Debug */,
				8432F2E824611A8700B54497 /* Release */,
			);
			defaultConfigurationIsVisible = 0;
			defaultConfigurationName = Release;
		};
/* End XCConfigurationList section */

/* Begin XCVersionGroup section */
		8432F2BF24611A6100B54497 /* App.xcdatamodeld */ = {
			isa = XCVersionGroup;
			children = (
				8432F2C024611A6100B54497 /* App.xcdatamodel */,
			);
			currentVersion = 8432F2C024611A6100B54497 /* App.xcdatamodel */;
			path = App.xcdatamodeld;
			sourceTree = "<group>";
			versionGroupType = wrapper.xcdatamodel;
		};
/* End XCVersionGroup section */
	};
	rootObject = 8432F2AB24611A6100B54497 /* Project object */;
}
